// !$*UTF8*$!
{
	archiveVersion = 1;
	classes = {
	};
	objectVersion = 55;
	objects = {

/* Begin PBXBuildFile section */
		640E6EC628CD148800D6B7FC /* Color-Theme.swift in Sources */ = {isa = PBXBuildFile; fileRef = 640E6EC528CD148800D6B7FC /* Color-Theme.swift */; };
		6428988828CA54D400B3AB62 /* astronauts.json in Resources */ = {isa = PBXBuildFile; fileRef = 6428988728CA54D400B3AB62 /* astronauts.json */; };
		6428988C28CA5B9400B3AB62 /* Astronaut.swift in Sources */ = {isa = PBXBuildFile; fileRef = 6428988B28CA5B9400B3AB62 /* Astronaut.swift */; };
		6428988E28CA5C2200B3AB62 /* Bundle-Decodable.swift in Sources */ = {isa = PBXBuildFile; fileRef = 6428988D28CA5C2200B3AB62 /* Bundle-Decodable.swift */; };
		6428989028CA602500B3AB62 /* Mission.swift in Sources */ = {isa = PBXBuildFile; fileRef = 6428988F28CA602500B3AB62 /* Mission.swift */; };
		6434CE7328CF900700075CBC /* CustomDivider.swift in Sources */ = {isa = PBXBuildFile; fileRef = 6434CE7228CF900700075CBC /* CustomDivider.swift */; };
		6434CE7528CF90C500075CBC /* CrewRosterView.swift in Sources */ = {isa = PBXBuildFile; fileRef = 6434CE7428CF90C500075CBC /* CrewRosterView.swift */; };
		6434CE7728CF927600075CBC /* GridLayout.swift in Sources */ = {isa = PBXBuildFile; fileRef = 6434CE7628CF927600075CBC /* GridLayout.swift */; };
		6434CE7928CF935A00075CBC /* ListLayout.swift in Sources */ = {isa = PBXBuildFile; fileRef = 6434CE7828CF935A00075CBC /* ListLayout.swift */; };
		6452792728CE3159000C2C1E /* MissionView.swift in Sources */ = {isa = PBXBuildFile; fileRef = 6452792628CE3159000C2C1E /* MissionView.swift */; };
		6452792928CE3F62000C2C1E /* AstronautView.swift in Sources */ = {isa = PBXBuildFile; fileRef = 6452792828CE3F62000C2C1E /* AstronautView.swift */; };
		64BC572928C8FC8E00FF758D /* MoonshotApp.swift in Sources */ = {isa = PBXBuildFile; fileRef = 64BC572828C8FC8E00FF758D /* MoonshotApp.swift */; };
		64BC572B28C8FC8E00FF758D /* ContentView.swift in Sources */ = {isa = PBXBuildFile; fileRef = 64BC572A28C8FC8E00FF758D /* ContentView.swift */; };
		64BC572D28C8FC9000FF758D /* Assets.xcassets in Resources */ = {isa = PBXBuildFile; fileRef = 64BC572C28C8FC9000FF758D /* Assets.xcassets */; };
		64BC573028C8FC9000FF758D /* Preview Assets.xcassets in Resources */ = {isa = PBXBuildFile; fileRef = 64BC572F28C8FC9000FF758D /* Preview Assets.xcassets */; };
/* End PBXBuildFile section */

/* Begin PBXFileReference section */
		640E6EC528CD148800D6B7FC /* Color-Theme.swift */ = {isa = PBXFileReference; lastKnownFileType = sourcecode.swift; path = "Color-Theme.swift"; sourceTree = "<group>"; };
		6428988728CA54D400B3AB62 /* astronauts.json */ = {isa = PBXFileReference; fileEncoding = 4; lastKnownFileType = text.json; path = astronauts.json; sourceTree = "<group>"; };
		6428988B28CA5B9400B3AB62 /* Astronaut.swift */ = {isa = PBXFileReference; lastKnownFileType = sourcecode.swift; path = Astronaut.swift; sourceTree = "<group>"; };
		6428988D28CA5C2200B3AB62 /* Bundle-Decodable.swift */ = {isa = PBXFileReference; lastKnownFileType = sourcecode.swift; path = "Bundle-Decodable.swift"; sourceTree = "<group>"; };
		6428988F28CA602500B3AB62 /* Mission.swift */ = {isa = PBXFileReference; lastKnownFileType = sourcecode.swift; path = Mission.swift; sourceTree = "<group>"; };
		6434CE7228CF900700075CBC /* CustomDivider.swift */ = {isa = PBXFileReference; lastKnownFileType = sourcecode.swift; path = CustomDivider.swift; sourceTree = "<group>"; };
		6434CE7428CF90C500075CBC /* CrewRosterView.swift */ = {isa = PBXFileReference; lastKnownFileType = sourcecode.swift; path = CrewRosterView.swift; sourceTree = "<group>"; };
		6434CE7628CF927600075CBC /* GridLayout.swift */ = {isa = PBXFileReference; lastKnownFileType = sourcecode.swift; path = GridLayout.swift; sourceTree = "<group>"; };
		6434CE7828CF935A00075CBC /* ListLayout.swift */ = {isa = PBXFileReference; lastKnownFileType = sourcecode.swift; path = ListLayout.swift; sourceTree = "<group>"; };
		6452792628CE3159000C2C1E /* MissionView.swift */ = {isa = PBXFileReference; lastKnownFileType = sourcecode.swift; path = MissionView.swift; sourceTree = "<group>"; };
		6452792828CE3F62000C2C1E /* AstronautView.swift */ = {isa = PBXFileReference; lastKnownFileType = sourcecode.swift; path = AstronautView.swift; sourceTree = "<group>"; };
		648D8BDD29C1014500C76ACF /* missions.json */ = {isa = PBXFileReference; lastKnownFileType = text.json; path = missions.json; sourceTree = "<group>"; };
		64BC572528C8FC8E00FF758D /* Moonshot.app */ = {isa = PBXFileReference; explicitFileType = wrapper.application; includeInIndex = 0; path = Moonshot.app; sourceTree = BUILT_PRODUCTS_DIR; };
		64BC572828C8FC8E00FF758D /* MoonshotApp.swift */ = {isa = PBXFileReference; lastKnownFileType = sourcecode.swift; path = MoonshotApp.swift; sourceTree = "<group>"; };
		64BC572A28C8FC8E00FF758D /* ContentView.swift */ = {isa = PBXFileReference; lastKnownFileType = sourcecode.swift; path = ContentView.swift; sourceTree = "<group>"; };
		64BC572C28C8FC9000FF758D /* Assets.xcassets */ = {isa = PBXFileReference; lastKnownFileType = folder.assetcatalog; path = Assets.xcassets; sourceTree = "<group>"; };
		64BC572F28C8FC9000FF758D /* Preview Assets.xcassets */ = {isa = PBXFileReference; lastKnownFileType = folder.assetcatalog; path = "Preview Assets.xcassets"; sourceTree = "<group>"; };
/* End PBXFileReference section */

/* Begin PBXFrameworksBuildPhase section */
		64BC572228C8FC8E00FF758D /* Frameworks */ = {
			isa = PBXFrameworksBuildPhase;
			buildActionMask = 2147483647;
			files = (
			);
			runOnlyForDeploymentPostprocessing = 0;
		};
/* End PBXFrameworksBuildPhase section */

/* Begin PBXGroup section */
		648D8BD929C1004800C76ACF /* Views */ = {
			isa = PBXGroup;
			children = (
				6452792628CE3159000C2C1E /* MissionView.swift */,
				6434CE7428CF90C500075CBC /* CrewRosterView.swift */,
				6434CE7228CF900700075CBC /* CustomDivider.swift */,
				6434CE7628CF927600075CBC /* GridLayout.swift */,
				6434CE7828CF935A00075CBC /* ListLayout.swift */,
				6452792828CE3F62000C2C1E /* AstronautView.swift */,
			);
			path = Views;
			sourceTree = "<group>";
		};
		648D8BDA29C1007A00C76ACF /* Extensions */ = {
			isa = PBXGroup;
			children = (
				640E6EC528CD148800D6B7FC /* Color-Theme.swift */,
				6428988D28CA5C2200B3AB62 /* Bundle-Decodable.swift */,
			);
			path = Extensions;
			sourceTree = "<group>";
		};
		648D8BDB29C1012000C76ACF /* Data Models */ = {
			isa = PBXGroup;
			children = (
				6428988B28CA5B9400B3AB62 /* Astronaut.swift */,
				6428988F28CA602500B3AB62 /* Mission.swift */,
			);
			path = "Data Models";
			sourceTree = "<group>";
		};
		648D8BDC29C1013300C76ACF /* JSON */ = {
			isa = PBXGroup;
			children = (
				6428988728CA54D400B3AB62 /* astronauts.json */,
				648D8BDD29C1014500C76ACF /* missions.json */,
			);
			path = JSON;
			sourceTree = "<group>";
		};
		64BC571C28C8FC8E00FF758D = {
			isa = PBXGroup;
			children = (
				64BC572728C8FC8E00FF758D /* Moonshot */,
				64BC572628C8FC8E00FF758D /* Products */,
			);
			sourceTree = "<group>";
		};
		64BC572628C8FC8E00FF758D /* Products */ = {
			isa = PBXGroup;
			children = (
				64BC572528C8FC8E00FF758D /* Moonshot.app */,
			);
			name = Products;
			sourceTree = "<group>";
		};
		64BC572728C8FC8E00FF758D /* Moonshot */ = {
			isa = PBXGroup;
			children = (
				64BC572828C8FC8E00FF758D /* MoonshotApp.swift */,
				64BC572A28C8FC8E00FF758D /* ContentView.swift */,
				648D8BD929C1004800C76ACF /* Views */,
				648D8BDA29C1007A00C76ACF /* Extensions */,
				648D8BDB29C1012000C76ACF /* Data Models */,
				648D8BDC29C1013300C76ACF /* JSON */,
				64BC572C28C8FC9000FF758D /* Assets.xcassets */,
				64BC572E28C8FC9000FF758D /* Preview Content */,
			);
			path = Moonshot;
			sourceTree = "<group>";
		};
		64BC572E28C8FC9000FF758D /* Preview Content */ = {
			isa = PBXGroup;
			children = (
				64BC572F28C8FC9000FF758D /* Preview Assets.xcassets */,
			);
			path = "Preview Content";
			sourceTree = "<group>";
		};
/* End PBXGroup section */

/* Begin PBXNativeTarget section */
		64BC572428C8FC8E00FF758D /* Moonshot */ = {
			isa = PBXNativeTarget;
			buildConfigurationList = 64BC573328C8FC9000FF758D /* Build configuration list for PBXNativeTarget "Moonshot" */;
			buildPhases = (
				64BC572128C8FC8E00FF758D /* Sources */,
				64BC572228C8FC8E00FF758D /* Frameworks */,
				64BC572328C8FC8E00FF758D /* Resources */,
			);
			buildRules = (
			);
			dependencies = (
			);
			name = Moonshot;
			productName = Moonshot;
			productReference = 64BC572528C8FC8E00FF758D /* Moonshot.app */;
			productType = "com.apple.product-type.application";
		};
/* End PBXNativeTarget section */

/* Begin PBXProject section */
		64BC571D28C8FC8E00FF758D /* Project object */ = {
			isa = PBXProject;
			attributes = {
				BuildIndependentTargetsInParallel = 1;
				LastSwiftUpdateCheck = 1340;
				LastUpgradeCheck = 1340;
				TargetAttributes = {
					64BC572428C8FC8E00FF758D = {
						CreatedOnToolsVersion = 13.4;
					};
				};
			};
			buildConfigurationList = 64BC572028C8FC8E00FF758D /* Build configuration list for PBXProject "Moonshot" */;
			compatibilityVersion = "Xcode 13.0";
			developmentRegion = en;
			hasScannedForEncodings = 0;
			knownRegions = (
				en,
				Base,
			);
			mainGroup = 64BC571C28C8FC8E00FF758D;
			productRefGroup = 64BC572628C8FC8E00FF758D /* Products */;
			projectDirPath = "";
			projectRoot = "";
			targets = (
				64BC572428C8FC8E00FF758D /* Moonshot */,
			);
		};
/* End PBXProject section */

/* Begin PBXResourcesBuildPhase section */
		64BC572328C8FC8E00FF758D /* Resources */ = {
			isa = PBXResourcesBuildPhase;
			buildActionMask = 2147483647;
			files = (
				6428988828CA54D400B3AB62 /* astronauts.json in Resources */,
				64BC573028C8FC9000FF758D /* Preview Assets.xcassets in Resources */,
				64BC572D28C8FC9000FF758D /* Assets.xcassets in Resources */,
			);
			runOnlyForDeploymentPostprocessing = 0;
		};
/* End PBXResourcesBuildPhase section */

/* Begin PBXSourcesBuildPhase section */
		64BC572128C8FC8E00FF758D /* Sources */ = {
			isa = PBXSourcesBuildPhase;
			buildActionMask = 2147483647;
			files = (
				6452792728CE3159000C2C1E /* MissionView.swift in Sources */,
				6428988C28CA5B9400B3AB62 /* Astronaut.swift in Sources */,
				6434CE7528CF90C500075CBC /* CrewRosterView.swift in Sources */,
				6452792928CE3F62000C2C1E /* AstronautView.swift in Sources */,
				640E6EC628CD148800D6B7FC /* Color-Theme.swift in Sources */,
				64BC572B28C8FC8E00FF758D /* ContentView.swift in Sources */,
				64BC572928C8FC8E00FF758D /* MoonshotApp.swift in Sources */,
				6428989028CA602500B3AB62 /* Mission.swift in Sources */,
				6428988E28CA5C2200B3AB62 /* Bundle-Decodable.swift in Sources */,
				6434CE7928CF935A00075CBC /* ListLayout.swift in Sources */,
				6434CE7328CF900700075CBC /* CustomDivider.swift in Sources */,
				6434CE7728CF927600075CBC /* GridLayout.swift in Sources */,
			);
			runOnlyForDeploymentPostprocessing = 0;
		};
/* End PBXSourcesBuildPhase section */

/* Begin XCBuildConfiguration section */
		64BC573128C8FC9000FF758D /* Debug */ = {
			isa = XCBuildConfiguration;
			buildSettings = {
				ALWAYS_SEARCH_USER_PATHS = NO;
				CLANG_ANALYZER_NONNULL = YES;
				CLANG_ANALYZER_NUMBER_OBJECT_CONVERSION = YES_AGGRESSIVE;
				CLANG_CXX_LANGUAGE_STANDARD = "gnu++17";
				CLANG_ENABLE_MODULES = YES;
				CLANG_ENABLE_OBJC_ARC = YES;
				CLANG_ENABLE_OBJC_WEAK = YES;
				CLANG_WARN_BLOCK_CAPTURE_AUTORELEASING = YES;
				CLANG_WARN_BOOL_CONVERSION = YES;
				CLANG_WARN_COMMA = YES;
				CLANG_WARN_CONSTANT_CONVERSION = YES;
				CLANG_WARN_DEPRECATED_OBJC_IMPLEMENTATIONS = YES;
				CLANG_WARN_DIRECT_OBJC_ISA_USAGE = YES_ERROR;
				CLANG_WARN_DOCUMENTATION_COMMENTS = YES;
				CLANG_WARN_EMPTY_BODY = YES;
				CLANG_WARN_ENUM_CONVERSION = YES;
				CLANG_WARN_INFINITE_RECURSION = YES;
				CLANG_WARN_INT_CONVERSION = YES;
				CLANG_WARN_NON_LITERAL_NULL_CONVERSION = YES;
				CLANG_WARN_OBJC_IMPLICIT_RETAIN_SELF = YES;
				CLANG_WARN_OBJC_LITERAL_CONVERSION = YES;
				CLANG_WARN_OBJC_ROOT_CLASS = YES_ERROR;
				CLANG_WARN_QUOTED_INCLUDE_IN_FRAMEWORK_HEADER = YES;
				CLANG_WARN_RANGE_LOOP_ANALYSIS = YES;
				CLANG_WARN_STRICT_PROTOTYPES = YES;
				CLANG_WARN_SUSPICIOUS_MOVE = YES;
				CLANG_WARN_UNGUARDED_AVAILABILITY = YES_AGGRESSIVE;
				CLANG_WARN_UNREACHABLE_CODE = YES;
				CLANG_WARN__DUPLICATE_METHOD_MATCH = YES;
				COPY_PHASE_STRIP = NO;
				DEBUG_INFORMATION_FORMAT = dwarf;
				ENABLE_STRICT_OBJC_MSGSEND = YES;
				ENABLE_TESTABILITY = YES;
				GCC_C_LANGUAGE_STANDARD = gnu11;
				GCC_DYNAMIC_NO_PIC = NO;
				GCC_NO_COMMON_BLOCKS = YES;
				GCC_OPTIMIZATION_LEVEL = 0;
				GCC_PREPROCESSOR_DEFINITIONS = (
					"DEBUG=1",
					"$(inherited)",
				);
				GCC_WARN_64_TO_32_BIT_CONVERSION = YES;
				GCC_WARN_ABOUT_RETURN_TYPE = YES_ERROR;
				GCC_WARN_UNDECLARED_SELECTOR = YES;
				GCC_WARN_UNINITIALIZED_AUTOS = YES_AGGRESSIVE;
				GCC_WARN_UNUSED_FUNCTION = YES;
				GCC_WARN_UNUSED_VARIABLE = YES;
				IPHONEOS_DEPLOYMENT_TARGET = 16.0;
				MTL_ENABLE_DEBUG_INFO = INCLUDE_SOURCE;
				MTL_FAST_MATH = YES;
				ONLY_ACTIVE_ARCH = YES;
				SDKROOT = iphoneos;
				SWIFT_ACTIVE_COMPILATION_CONDITIONS = DEBUG;
				SWIFT_OPTIMIZATION_LEVEL = "-Onone";
			};
			name = Debug;
		};
		64BC573228C8FC9000FF758D /* Release */ = {
			isa = XCBuildConfiguration;
			buildSettings = {
				ALWAYS_SEARCH_USER_PATHS = NO;
				CLANG_ANALYZER_NONNULL = YES;
				CLANG_ANALYZER_NUMBER_OBJECT_CONVERSION = YES_AGGRESSIVE;
				CLANG_CXX_LANGUAGE_STANDARD = "gnu++17";
				CLANG_ENABLE_MODULES = YES;
				CLANG_ENABLE_OBJC_ARC = YES;
				CLANG_ENABLE_OBJC_WEAK = YES;
				CLANG_WARN_BLOCK_CAPTURE_AUTORELEASING = YES;
				CLANG_WARN_BOOL_CONVERSION = YES;
				CLANG_WARN_COMMA = YES;
				CLANG_WARN_CONSTANT_CONVERSION = YES;
				CLANG_WARN_DEPRECATED_OBJC_IMPLEMENTATIONS = YES;
				CLANG_WARN_DIRECT_OBJC_ISA_USAGE = YES_ERROR;
				CLANG_WARN_DOCUMENTATION_COMMENTS = YES;
				CLANG_WARN_EMPTY_BODY = YES;
				CLANG_WARN_ENUM_CONVERSION = YES;
				CLANG_WARN_INFINITE_RECURSION = YES;
				CLANG_WARN_INT_CONVERSION = YES;
				CLANG_WARN_NON_LITERAL_NULL_CONVERSION = YES;
				CLANG_WARN_OBJC_IMPLICIT_RETAIN_SELF = YES;
				CLANG_WARN_OBJC_LITERAL_CONVERSION = YES;
				CLANG_WARN_OBJC_ROOT_CLASS = YES_ERROR;
				CLANG_WARN_QUOTED_INCLUDE_IN_FRAMEWORK_HEADER = YES;
				CLANG_WARN_RANGE_LOOP_ANALYSIS = YES;
				CLANG_WARN_STRICT_PROTOTYPES = YES;
				CLANG_WARN_SUSPICIOUS_MOVE = YES;
				CLANG_WARN_UNGUARDED_AVAILABILITY = YES_AGGRESSIVE;
				CLANG_WARN_UNREACHABLE_CODE = YES;
				CLANG_WARN__DUPLICATE_METHOD_MATCH = YES;
				COPY_PHASE_STRIP = NO;
				DEBUG_INFORMATION_FORMAT = "dwarf-with-dsym";
				ENABLE_NS_ASSERTIONS = NO;
				ENABLE_STRICT_OBJC_MSGSEND = YES;
				GCC_C_LANGUAGE_STANDARD = gnu11;
				GCC_NO_COMMON_BLOCKS = YES;
				GCC_WARN_64_TO_32_BIT_CONVERSION = YES;
				GCC_WARN_ABOUT_RETURN_TYPE = YES_ERROR;
				GCC_WARN_UNDECLARED_SELECTOR = YES;
				GCC_WARN_UNINITIALIZED_AUTOS = YES_AGGRESSIVE;
				GCC_WARN_UNUSED_FUNCTION = YES;
				GCC_WARN_UNUSED_VARIABLE = YES;
				IPHONEOS_DEPLOYMENT_TARGET = 16.0;
				MTL_ENABLE_DEBUG_INFO = NO;
				MTL_FAST_MATH = YES;
				SDKROOT = iphoneos;
				SWIFT_COMPILATION_MODE = wholemodule;
				SWIFT_OPTIMIZATION_LEVEL = "-O";
				VALIDATE_PRODUCT = YES;
			};
			name = Release;
		};
		64BC573428C8FC9000FF758D /* Debug */ = {
			isa = XCBuildConfiguration;
			buildSettings = {
				ASSETCATALOG_COMPILER_APPICON_NAME = AppIcon;
				ASSETCATALOG_COMPILER_GLOBAL_ACCENT_COLOR_NAME = AccentColor;
				CODE_SIGN_STYLE = Automatic;
				CURRENT_PROJECT_VERSION = 1;
				DEVELOPMENT_ASSET_PATHS = "\"Moonshot/Preview Content\"";
				DEVELOPMENT_TEAM = N8877H53MP;
				ENABLE_PREVIEWS = YES;
				GENERATE_INFOPLIST_FILE = YES;
				INFOPLIST_KEY_LSApplicationCategoryType = "public.app-category.education";
				INFOPLIST_KEY_UIApplicationSceneManifest_Generation = YES;
				INFOPLIST_KEY_UIApplicationSupportsIndirectInputEvents = YES;
				INFOPLIST_KEY_UILaunchScreen_Generation = YES;
				INFOPLIST_KEY_UISupportedInterfaceOrientations = UIInterfaceOrientationPortrait;
				INFOPLIST_KEY_UISupportedInterfaceOrientations_iPad = "UIInterfaceOrientationLandscapeLeft UIInterfaceOrientationLandscapeRight UIInterfaceOrientationPortrait UIInterfaceOrientationPortraitUpsideDown";
				IPHONEOS_DEPLOYMENT_TARGET = 16.0;
				LD_RUNPATH_SEARCH_PATHS = (
					"$(inherited)",
					"@executable_path/Frameworks",
				);
				MARKETING_VERSION = 1.0;
				PRODUCT_BUNDLE_IDENTIFIER = com.lefthandedapps.Moonshot;
				PRODUCT_NAME = "$(TARGET_NAME)";
				SUPPORTED_PLATFORMS = "iphoneos iphonesimulator";
				SUPPORTS_MACCATALYST = NO;
				SUPPORTS_MAC_DESIGNED_FOR_IPHONE_IPAD = NO;
				SWIFT_EMIT_LOC_STRINGS = YES;
				SWIFT_VERSION = 5.0;
				TARGETED_DEVICE_FAMILY = 1;
			};
			name = Debug;
		};
		64BC573528C8FC9000FF758D /* Release */ = {
			isa = XCBuildConfiguration;
			buildSettings = {
				ASSETCATALOG_COMPILER_APPICON_NAME = AppIcon;
				ASSETCATALOG_COMPILER_GLOBAL_ACCENT_COLOR_NAME = AccentColor;
				CODE_SIGN_STYLE = Automatic;
				CURRENT_PROJECT_VERSION = 1;
				DEVELOPMENT_ASSET_PATHS = "\"Moonshot/Preview Content\"";
				DEVELOPMENT_TEAM = N8877H53MP;
				ENABLE_PREVIEWS = YES;
				GENERATE_INFOPLIST_FILE = YES;
				INFOPLIST_KEY_LSApplicationCategoryType = "public.app-category.education";
				INFOPLIST_KEY_UIApplicationSceneManifest_Generation = YES;
				INFOPLIST_KEY_UIApplicationSupportsIndirectInputEvents = YES;
				INFOPLIST_KEY_UILaunchScreen_Generation = YES;
				INFOPLIST_KEY_UISupportedInterfaceOrientations = UIInterfaceOrientationPortrait;
				INFOPLIST_KEY_UISupportedInterfaceOrientations_iPad = "UIInterfaceOrientationLandscapeLeft UIInterfaceOrientationLandscapeRight UIInterfaceOrientationPortrait UIInterfaceOrientationPortraitUpsideDown";
				IPHONEOS_DEPLOYMENT_TARGET = 16.0;
				LD_RUNPATH_SEARCH_PATHS = (
					"$(inherited)",
					"@executable_path/Frameworks",
				);
				MARKETING_VERSION = 1.0;
				PRODUCT_BUNDLE_IDENTIFIER = com.lefthandedapps.Moonshot;
				PRODUCT_NAME = "$(TARGET_NAME)";
				SUPPORTED_PLATFORMS = "iphoneos iphonesimulator";
				SUPPORTS_MACCATALYST = NO;
				SUPPORTS_MAC_DESIGNED_FOR_IPHONE_IPAD = NO;
				SWIFT_EMIT_LOC_STRINGS = YES;
				SWIFT_VERSION = 5.0;
				TARGETED_DEVICE_FAMILY = 1;
			};
			name = Release;
		};
/* End XCBuildConfiguration section */

/* Begin XCConfigurationList section */
		64BC572028C8FC8E00FF758D /* Build configuration list for PBXProject "Moonshot" */ = {
			isa = XCConfigurationList;
			buildConfigurations = (
				64BC573128C8FC9000FF758D /* Debug */,
				64BC573228C8FC9000FF758D /* Release */,
			);
			defaultConfigurationIsVisible = 0;
			defaultConfigurationName = Release;
		};
		64BC573328C8FC9000FF758D /* Build configuration list for PBXNativeTarget "Moonshot" */ = {
			isa = XCConfigurationList;
			buildConfigurations = (
				64BC573428C8FC9000FF758D /* Debug */,
				64BC573528C8FC9000FF758D /* Release */,
			);
			defaultConfigurationIsVisible = 0;
			defaultConfigurationName = Release;
		};
/* End XCConfigurationList section */
	};
	rootObject = 64BC571D28C8FC8E00FF758D /* Project object */;
}
